
Microsoft Visual Studio Solution File, Format Version 10.00
# Visual Studio 2008
Project("{FAE04EC0-301F-11D3-BF4B-00C04F79EFBC}") = "ReflectionLib1", "ReflectionLib1\ReflectionLib1.csproj", "{F34ACF8B-3D0D-4EA5-A337-987284C957AA}"
EndProject
Global
	GlobalSection(SolutionConfigurationPlatforms) = preSolution
		Debug|Any CPU = Debug|Any CPU
		Release|Any CPU = Release|Any CPU
	EndGlobalSection
	GlobalSection(ProjectConfigurationPlatforms) = postSolution
		{F34ACF8B-3D0D-4EA5-A337-987284C957AA}.Debug|Any CPU.ActiveCfg = Debug|Any CPU
		{F34ACF8B-3D0D-4EA5-A337-987284C957AA}.Debug|Any CPU.Build.0 = Debug|Any CPU
		{F34ACF8B-3D0D-4EA5-A337-987284C957AA}.Release|Any CPU.ActiveCfg = Release|Any CPU
		{F34ACF8B-3D0D-4EA5-A337-987284C957AA}.Release|Any CPU.Build.0 = Release|Any CPU
	EndGlobalSection
	GlobalSection(SolutionProperties) = preSolution
		HideSolutionNode = FALSE
	EndGlobalSection
EndGlobal
