
Microsoft Visual Studio Solution File, Format Version 10.00
# Visual Studio 2008
Project("{FAE04EC0-301F-11D3-BF4B-00C04F79EFBC}") = "SimplSharpDay1", "SimplSharpDay3\SimplSharpDay1.csproj", "{99404BA6-A86C-4B9E-AAD3-DD3B8268E457}"
EndProject
Global
	GlobalSection(SolutionConfigurationPlatforms) = preSolution
		Debug|Any CPU = Debug|Any CPU
		Release|Any CPU = Release|Any CPU
	EndGlobalSection
	GlobalSection(ProjectConfigurationPlatforms) = postSolution
		{99404BA6-A86C-4B9E-AAD3-DD3B8268E457}.Debug|Any CPU.ActiveCfg = Debug|Any CPU
		{99404BA6-A86C-4B9E-AAD3-DD3B8268E457}.Debug|Any CPU.Build.0 = Debug|Any CPU
		{99404BA6-A86C-4B9E-AAD3-DD3B8268E457}.Release|Any CPU.ActiveCfg = Release|Any CPU
		{99404BA6-A86C-4B9E-AAD3-DD3B8268E457}.Release|Any CPU.Build.0 = Release|Any CPU
	EndGlobalSection
	GlobalSection(SolutionProperties) = preSolution
		HideSolutionNode = FALSE
	EndGlobalSection
EndGlobal
