
Microsoft Visual Studio Solution File, Format Version 10.00
# Visual Studio 2008
Project("{FAE04EC0-301F-11D3-BF4B-00C04F79EFBC}") = "DataStore", "DataStore\DataStore.csproj", "{AE8C71F8-5A6C-4DFE-B16F-072363AE3070}"
EndProject
Global
	GlobalSection(SolutionConfigurationPlatforms) = preSolution
		Debug|Any CPU = Debug|Any CPU
		Release|Any CPU = Release|Any CPU
	EndGlobalSection
	GlobalSection(ProjectConfigurationPlatforms) = postSolution
		{AE8C71F8-5A6C-4DFE-B16F-072363AE3070}.Debug|Any CPU.ActiveCfg = Debug|Any CPU
		{AE8C71F8-5A6C-4DFE-B16F-072363AE3070}.Debug|Any CPU.Build.0 = Debug|Any CPU
		{AE8C71F8-5A6C-4DFE-B16F-072363AE3070}.Release|Any CPU.ActiveCfg = Release|Any CPU
		{AE8C71F8-5A6C-4DFE-B16F-072363AE3070}.Release|Any CPU.Build.0 = Release|Any CPU
	EndGlobalSection
	GlobalSection(SolutionProperties) = preSolution
		HideSolutionNode = FALSE
	EndGlobalSection
EndGlobal
